<Solution>
  <Project Path="../../../../../../source/repos/DesignPatterns/Behavioral.Patterns.Command/Behavioral.Patterns.Command.csproj" Id="6008273c-856c-4ae1-af74-a2abe632064b" />
  <Project Path="../../../../../../source/repos/DesignPatterns/CommandPattern/CommandPattern.csproj" Id="6b354035-6d95-48e7-98b0-019ea720ea38" />
</Solution>
