<Solution>
  <Project Path="Behavioral.Patterns.Observer/Behavioral.Patterns.Observer.csproj" Id="a8ed1964-c57c-4e55-99e9-59f59b676b79" />
  <Project Path="ObserverPattern.OrderStatusNofitication/ObserverPattern.OrderStatusNofitication.csproj" Id="11f0855c-ef0b-49e3-90ee-5104e4153ef9" />
  <Project Path="ObserverPattern.StockNotification/ObserverPattern.StockNotification.csproj" Id="c2438d44-3061-4aa5-b44d-11ab735f04ce" />
  <Project Path="ObserverPattern.YouTube/ObserverPattern.YouTube.csproj" Id="61217798-8955-4554-b75d-5da99d85dd13" />
</Solution>
